PODS:
  - boost-for-react-native (1.63.0)
  - CocoaAsyncSocket (7.6.3)
  - CocoaLibEvent (1.0.0)
  - DoubleConversion (1.1.6)
  - FBLazyVector (0.62.19)
  - FBReactNativeSpec (0.62.19):
    - RCT-Folly (= 2018.10.22.00)
    - RCTRequired (= 0.62.19)
    - RCTTypeSafety (= 0.62.19)
    - React-Core (= 0.62.19)
    - React-jsi (= 0.62.19)
    - ReactCommon/turbomodule/core (= 0.62.19)
  - Flipper (0.30.2):
    - Flipper-Folly (~> 2.1)
    - Flipper-RSocket (~> 1.0)
  - Flipper-DoubleConversion (1.1.7)
  - Flipper-Folly (2.2.0):
    - boost-for-react-native
    - CocoaLibEvent (~> 1.0)
    - Flipper-DoubleConversion
    - Flipper-Glog
    - OpenSSL-Universal (= 1.0.2.19)
  - Flipper-Glog (0.3.6)
  - Flipper-PeerTalk (0.0.4)
  - Flipper-RSocket (1.1.0):
    - Flipper-Folly (~> 2.2)
  - FlipperKit (0.30.2):
    - FlipperKit/Core (= 0.30.2)
  - FlipperKit/Core (0.30.2):
    - Flipper (~> 0.30.2)
    - FlipperKit/CppBridge
    - FlipperKit/FBCxxFollyDynamicConvert
    - FlipperKit/FBDefines
    - FlipperKit/FKPortForwarding
  - FlipperKit/CppBridge (0.30.2):
    - Flipper (~> 0.30.2)
  - FlipperKit/FBCxxFollyDynamicConvert (0.30.2):
    - Flipper-Folly (~> 2.1)
  - FlipperKit/FBDefines (0.30.2)
  - FlipperKit/FKPortForwarding (0.30.2):
    - CocoaAsyncSocket (~> 7.6)
    - Flipper-PeerTalk (~> 0.0.4)
  - FlipperKit/FlipperKitHighlightOverlay (0.30.2)
  - FlipperKit/FlipperKitLayoutPlugin (0.30.2):
    - FlipperKit/Core
    - FlipperKit/FlipperKitHighlightOverlay
    - FlipperKit/FlipperKitLayoutTextSearchable
    - YogaKit (~> 1.18)
  - FlipperKit/FlipperKitLayoutTextSearchable (0.30.2)
  - FlipperKit/FlipperKitNetworkPlugin (0.30.2):
    - FlipperKit/Core
  - FlipperKit/FlipperKitReactPlugin (0.30.2):
    - FlipperKit/Core
  - FlipperKit/FlipperKitUserDefaultsPlugin (0.30.2):
    - FlipperKit/Core
  - FlipperKit/SKIOSNetworkPlugin (0.30.2):
    - FlipperKit/Core
    - FlipperKit/FlipperKitNetworkPlugin
  - glog (0.3.5)
  - hermes (0.4.3)
  - libevent (2.1.11):
    - libevent/core (= 2.1.11)
  - libevent/core (2.1.11):
    - libevent/event2-headers
  - libevent/event2-headers (2.1.11)
  - OpenSSL-Universal (1.0.2.19):
    - OpenSSL-Universal/Static (= 1.0.2.19)
  - OpenSSL-Universal/Static (1.0.2.19)
  - RCT-Folly (2018.10.22.00):
    - boost-for-react-native
    - DoubleConversion
    - glog
    - RCT-Folly/Default (= 2018.10.22.00)
  - RCT-Folly/Default (2018.10.22.00):
    - boost-for-react-native
    - DoubleConversion
    - glog
  - RCT-Folly/Futures (2018.10.22.00):
    - boost-for-react-native
    - DoubleConversion
    - glog
    - libevent
  - RCTRequired (0.62.19)
  - RCTTypeSafety (0.62.19):
    - FBLazyVector (= 0.62.19)
    - RCT-Folly (= 2018.10.22.00)
    - RCTRequired (= 0.62.19)
    - React-Core (= 0.62.19)
  - React (0.62.19):
    - React-Core (= 0.62.19)
    - React-Core/DevSupport (= 0.62.19)
    - React-Core/RCTWebSocket (= 0.62.19)
    - React-RCTActionSheet (= 0.62.19)
    - React-RCTAnimation (= 0.62.19)
    - React-RCTBlob (= 0.62.19)
    - React-RCTImage (= 0.62.19)
    - React-RCTLinking (= 0.62.19)
    - React-RCTNetwork (= 0.62.19)
    - React-RCTSettings (= 0.62.19)
    - React-RCTText (= 0.62.19)
    - React-RCTVibration (= 0.62.19)
  - React-ART (0.62.19):
    - React-Core/ARTHeaders (= 0.62.19)
  - React-Core (0.62.19):
    - glog
    - RCT-Folly (= 2018.10.22.00)
    - React-Core/Default (= 0.62.19)
    - React-cxxreact (= 0.62.19)
    - React-jsi (= 0.62.19)
    - React-jsiexecutor (= 0.62.19)
    - Yoga
  - React-Core/ARTHeaders (0.62.19):
    - glog
    - RCT-Folly (= 2018.10.22.00)
    - React-Core/Default
    - React-cxxreact (= 0.62.19)
    - React-jsi (= 0.62.19)
    - React-jsiexecutor (= 0.62.19)
    - Yoga
  - React-Core/CoreModulesHeaders (0.62.19):
    - glog
    - RCT-Folly (= 2018.10.22.00)
    - React-Core/Default
    - React-cxxreact (= 0.62.19)
    - React-jsi (= 0.62.19)
    - React-jsiexecutor (= 0.62.19)
    - Yoga
  - React-Core/Default (0.62.19):
    - glog
    - RCT-Folly (= 2018.10.22.00)
    - React-cxxreact (= 0.62.19)
    - React-jsi (= 0.62.19)
    - React-jsiexecutor (= 0.62.19)
    - Yoga
  - React-Core/DevSupport (0.62.19):
    - glog
    - RCT-Folly (= 2018.10.22.00)
    - React-Core/Default (= 0.62.19)
    - React-Core/RCTWebSocket (= 0.62.19)
    - React-cxxreact (= 0.62.19)
    - React-jsi (= 0.62.19)
    - React-jsiexecutor (= 0.62.19)
    - React-jsinspector (= 0.62.19)
    - Yoga
  - React-Core/Hermes (0.62.19):
    - glog
    - hermes (~> 0.4.1)
    - RCT-Folly (= 2018.10.22.00)
    - RCT-Folly/Futures
    - React-cxxreact (= 0.62.19)
    - React-jsi (= 0.62.19)
    - React-jsiexecutor (= 0.62.19)
    - Yoga
  - React-Core/RCTActionSheetHeaders (0.62.19):
    - glog
    - RCT-Folly (= 2018.10.22.00)
    - React-Core/Default
    - React-cxxreact (= 0.62.19)
    - React-jsi (= 0.62.19)
    - React-jsiexecutor (= 0.62.19)
    - Yoga
  - React-Core/RCTAnimationHeaders (0.62.19):
    - glog
    - RCT-Folly (= 2018.10.22.00)
    - React-Core/Default
    - React-cxxreact (= 0.62.19)
    - React-jsi (= 0.62.19)
    - React-jsiexecutor (= 0.62.19)
    - Yoga
  - React-Core/RCTBlobHeaders (0.62.19):
    - glog
    - RCT-Folly (= 2018.10.22.00)
    - React-Core/Default
    - React-cxxreact (= 0.62.19)
    - React-jsi (= 0.62.19)
    - React-jsiexecutor (= 0.62.19)
    - Yoga
  - React-Core/RCTImageHeaders (0.62.19):
    - glog
    - RCT-Folly (= 2018.10.22.00)
    - React-Core/Default
    - React-cxxreact (= 0.62.19)
    - React-jsi (= 0.62.19)
    - React-jsiexecutor (= 0.62.19)
    - Yoga
  - React-Core/RCTLinkingHeaders (0.62.19):
    - glog
    - RCT-Folly (= 2018.10.22.00)
    - React-Core/Default
    - React-cxxreact (= 0.62.19)
    - React-jsi (= 0.62.19)
    - React-jsiexecutor (= 0.62.19)
    - Yoga
  - React-Core/RCTNetworkHeaders (0.62.19):
    - glog
    - RCT-Folly (= 2018.10.22.00)
    - React-Core/Default
    - React-cxxreact (= 0.62.19)
    - React-jsi (= 0.62.19)
    - React-jsiexecutor (= 0.62.19)
    - Yoga
  - React-Core/RCTPushNotificationHeaders (0.62.19):
    - glog
    - RCT-Folly (= 2018.10.22.00)
    - React-Core/Default
    - React-cxxreact (= 0.62.19)
    - React-jsi (= 0.62.19)
    - React-jsiexecutor (= 0.62.19)
    - Yoga
  - React-Core/RCTSettingsHeaders (0.62.19):
    - glog
    - RCT-Folly (= 2018.10.22.00)
    - React-Core/Default
    - React-cxxreact (= 0.62.19)
    - React-jsi (= 0.62.19)
    - React-jsiexecutor (= 0.62.19)
    - Yoga
  - React-Core/RCTTextHeaders (0.62.19):
    - glog
    - RCT-Folly (= 2018.10.22.00)
    - React-Core/Default
    - React-cxxreact (= 0.62.19)
    - React-jsi (= 0.62.19)
    - React-jsiexecutor (= 0.62.19)
    - Yoga
  - React-Core/RCTVibrationHeaders (0.62.19):
    - glog
    - RCT-Folly (= 2018.10.22.00)
    - React-Core/Default
    - React-cxxreact (= 0.62.19)
    - React-jsi (= 0.62.19)
    - React-jsiexecutor (= 0.62.19)
    - Yoga
  - React-Core/RCTWebSocket (0.62.19):
    - glog
    - RCT-Folly (= 2018.10.22.00)
    - React-Core/Default (= 0.62.19)
    - React-cxxreact (= 0.62.19)
    - React-jsi (= 0.62.19)
    - React-jsiexecutor (= 0.62.19)
    - Yoga
  - React-CoreModules (0.62.19):
    - FBReactNativeSpec (= 0.62.19)
    - RCT-Folly (= 2018.10.22.00)
    - RCTTypeSafety (= 0.62.19)
    - React-Core/CoreModulesHeaders (= 0.62.19)
    - React-RCTImage (= 0.62.19)
    - ReactCommon/turbomodule/core (= 0.62.19)
  - React-cxxreact (0.62.19):
    - boost-for-react-native (= 1.63.0)
    - DoubleConversion
    - glog
    - RCT-Folly (= 2018.10.22.00)
    - React-jsinspector (= 0.62.19)
  - React-jsi (0.62.19):
    - boost-for-react-native (= 1.63.0)
    - DoubleConversion
    - glog
    - RCT-Folly (= 2018.10.22.00)
    - React-jsi/Default (= 0.62.19)
  - React-jsi/Default (0.62.19):
    - boost-for-react-native (= 1.63.0)
    - DoubleConversion
    - glog
    - RCT-Folly (= 2018.10.22.00)
  - React-jsiexecutor (0.62.19):
    - DoubleConversion
    - glog
    - RCT-Folly (= 2018.10.22.00)
    - React-cxxreact (= 0.62.19)
    - React-jsi (= 0.62.19)
  - React-jsinspector (0.62.19)
  - React-RCTActionSheet (0.62.19):
    - React-Core/RCTActionSheetHeaders (= 0.62.19)
  - React-RCTAnimation (0.62.19):
    - FBReactNativeSpec (= 0.62.19)
    - RCT-Folly (= 2018.10.22.00)
    - RCTTypeSafety (= 0.62.19)
    - React-Core/RCTAnimationHeaders (= 0.62.19)
    - ReactCommon/turbomodule/core (= 0.62.19)
  - React-RCTBlob (0.62.19):
    - FBReactNativeSpec (= 0.62.19)
    - RCT-Folly (= 2018.10.22.00)
    - React-Core/RCTBlobHeaders (= 0.62.19)
    - React-Core/RCTWebSocket (= 0.62.19)
    - React-jsi (= 0.62.19)
    - React-RCTNetwork (= 0.62.19)
    - ReactCommon/turbomodule/core (= 0.62.19)
  - React-RCTImage (0.62.19):
    - FBReactNativeSpec (= 0.62.19)
    - RCT-Folly (= 2018.10.22.00)
    - RCTTypeSafety (= 0.62.19)
    - React-Core/RCTImageHeaders (= 0.62.19)
    - React-RCTNetwork (= 0.62.19)
    - ReactCommon/turbomodule/core (= 0.62.19)
  - React-RCTLinking (0.62.19):
    - FBReactNativeSpec (= 0.62.19)
    - React-Core/RCTLinkingHeaders (= 0.62.19)
    - ReactCommon/turbomodule/core (= 0.62.19)
  - React-RCTNetwork (0.62.19):
    - FBReactNativeSpec (= 0.62.19)
    - RCT-Folly (= 2018.10.22.00)
    - RCTTypeSafety (= 0.62.19)
    - React-Core/RCTNetworkHeaders (= 0.62.19)
    - ReactCommon/turbomodule/core (= 0.62.19)
  - React-RCTPushNotification (0.62.19):
    - FBReactNativeSpec (= 0.62.19)
    - RCTTypeSafety (= 0.62.19)
    - React-Core/RCTPushNotificationHeaders (= 0.62.19)
    - ReactCommon/turbomodule/core (= 0.62.19)
  - React-RCTSettings (0.62.19):
    - FBReactNativeSpec (= 0.62.19)
    - RCT-Folly (= 2018.10.22.00)
    - RCTTypeSafety (= 0.62.19)
    - React-Core/RCTSettingsHeaders (= 0.62.19)
    - ReactCommon/turbomodule/core (= 0.62.19)
  - React-RCTTest (0.62.19):
    - React-Core (= 0.62.19)
    - React-CoreModules (= 0.62.19)
  - React-RCTText (0.62.19):
    - React-Core/RCTTextHeaders (= 0.62.19)
  - React-RCTVibration (0.62.19):
    - FBReactNativeSpec (= 0.62.19)
    - RCT-Folly (= 2018.10.22.00)
    - React-Core/RCTVibrationHeaders (= 0.62.19)
    - ReactCommon/turbomodule/core (= 0.62.19)
  - ReactCommon/callinvoker (0.62.19):
    - DoubleConversion
    - glog
    - RCT-Folly (= 2018.10.22.00)
    - React-cxxreact (= 0.62.19)
  - ReactCommon/turbomodule/core (0.62.19):
    - DoubleConversion
    - glog
    - RCT-Folly (= 2018.10.22.00)
    - React-Core (= 0.62.19)
    - React-cxxreact (= 0.62.19)
    - React-jsi (= 0.62.19)
    - ReactCommon/callinvoker (= 0.62.19)
  - ReactCommon/turbomodule/samples (0.62.19):
    - DoubleConversion
    - glog
    - RCT-Folly (= 2018.10.22.00)
    - React-Core (= 0.62.19)
    - React-cxxreact (= 0.62.19)
    - React-jsi (= 0.62.19)
    - ReactCommon/callinvoker (= 0.62.19)
    - ReactCommon/turbomodule/core (= 0.62.19)
  - Yoga (1.14.0)
  - YogaKit (1.18.1):
    - Yoga (~> 1.14)

DEPENDENCIES:
  - boost-for-react-native (from `../third-party-podspecs/boost-for-react-native.podspec`)
  - DoubleConversion (from `../third-party-podspecs/DoubleConversion.podspec`)
  - FBLazyVector (from `../Libraries/FBLazyVector`)
  - FBReactNativeSpec (from `../Libraries/FBReactNativeSpec`)
  - FlipperKit (~> 0.30.1)
  - FlipperKit/FlipperKitLayoutPlugin (~> 0.30.1)
  - FlipperKit/FlipperKitReactPlugin (~> 0.30.1)
  - FlipperKit/FlipperKitUserDefaultsPlugin (~> 0.30.1)
  - FlipperKit/SKIOSNetworkPlugin (~> 0.30.1)
  - glog (from `../third-party-podspecs/glog.podspec`)
  - hermes (from `../node_modules/hermes-engine-darwin`)
  - libevent (from `../third-party-podspecs/libevent.podspec`)
  - RCT-Folly (from `../third-party-podspecs/RCT-Folly.podspec`)
  - RCTRequired (from `../Libraries/RCTRequired`)
  - RCTTypeSafety (from `../Libraries/TypeSafety`)
  - React (from `../`)
  - React-ART (from `../Libraries/ART`)
  - React-Core (from `../`)
  - React-Core/DevSupport (from `../`)
  - React-Core/Hermes (from `../`)
  - React-Core/RCTWebSocket (from `../`)
  - React-CoreModules (from `../React/CoreModules`)
  - React-cxxreact (from `../ReactCommon/cxxreact`)
  - React-jsi (from `../ReactCommon/jsi`)
  - React-jsiexecutor (from `../ReactCommon/jsiexecutor`)
  - React-jsinspector (from `../ReactCommon/jsinspector`)
  - React-RCTActionSheet (from `../Libraries/ActionSheetIOS`)
  - React-RCTAnimation (from `../Libraries/NativeAnimation`)
  - React-RCTBlob (from `../Libraries/Blob`)
  - React-RCTImage (from `../Libraries/Image`)
  - React-RCTLinking (from `../Libraries/LinkingIOS`)
  - React-RCTNetwork (from `../Libraries/Network`)
  - React-RCTPushNotification (from `../Libraries/PushNotificationIOS`)
  - React-RCTSettings (from `../Libraries/Settings`)
  - React-RCTTest (from `RCTTest`)
  - React-RCTText (from `../Libraries/Text`)
  - React-RCTVibration (from `../Libraries/Vibration`)
  - ReactCommon/callinvoker (from `../ReactCommon`)
  - ReactCommon/turbomodule/core (from `../ReactCommon`)
  - ReactCommon/turbomodule/samples (from `../ReactCommon`)
  - Yoga (from `../ReactCommon/yoga`)

SPEC REPOS:
  trunk:
    - CocoaAsyncSocket
    - CocoaLibEvent
    - Flipper
    - Flipper-DoubleConversion
    - Flipper-Folly
    - Flipper-Glog
    - Flipper-PeerTalk
    - Flipper-RSocket
    - FlipperKit
    - OpenSSL-Universal
    - YogaKit

EXTERNAL SOURCES:
  boost-for-react-native:
    :podspec: "../third-party-podspecs/boost-for-react-native.podspec"
  DoubleConversion:
    :podspec: "../third-party-podspecs/DoubleConversion.podspec"
  FBLazyVector:
    :path: "../Libraries/FBLazyVector"
  FBReactNativeSpec:
    :path: "../Libraries/FBReactNativeSpec"
  glog:
    :podspec: "../third-party-podspecs/glog.podspec"
  hermes:
    :path: "../node_modules/hermes-engine-darwin"
  libevent:
    :podspec: "../third-party-podspecs/libevent.podspec"
  RCT-Folly:
    :podspec: "../third-party-podspecs/RCT-Folly.podspec"
  RCTRequired:
    :path: "../Libraries/RCTRequired"
  RCTTypeSafety:
    :path: "../Libraries/TypeSafety"
  React:
    :path: "../"
  React-ART:
    :path: "../Libraries/ART"
  React-Core:
    :path: "../"
  React-CoreModules:
    :path: "../React/CoreModules"
  React-cxxreact:
    :path: "../ReactCommon/cxxreact"
  React-jsi:
    :path: "../ReactCommon/jsi"
  React-jsiexecutor:
    :path: "../ReactCommon/jsiexecutor"
  React-jsinspector:
    :path: "../ReactCommon/jsinspector"
  React-RCTActionSheet:
    :path: "../Libraries/ActionSheetIOS"
  React-RCTAnimation:
    :path: "../Libraries/NativeAnimation"
  React-RCTBlob:
    :path: "../Libraries/Blob"
  React-RCTImage:
    :path: "../Libraries/Image"
  React-RCTLinking:
    :path: "../Libraries/LinkingIOS"
  React-RCTNetwork:
    :path: "../Libraries/Network"
  React-RCTPushNotification:
    :path: "../Libraries/PushNotificationIOS"
  React-RCTSettings:
    :path: "../Libraries/Settings"
  React-RCTTest:
    :path: RCTTest
  React-RCTText:
    :path: "../Libraries/Text"
  React-RCTVibration:
    :path: "../Libraries/Vibration"
  ReactCommon:
    :path: "../ReactCommon"
  Yoga:
    :path: "../ReactCommon/yoga"

SPEC CHECKSUMS:
  boost-for-react-native: dabda8622e76020607c2ae1e65cc0cda8b61479d
  CocoaAsyncSocket: eafaa68a7e0ec99ead0a7b35015e0bf25d2c8987
  CocoaLibEvent: 2fab71b8bd46dd33ddb959f7928ec5909f838e3f
  DoubleConversion: 681b789128e5512811c81706e9b361209f40d21e
  FBLazyVector: 2148067223fff0e0f8fbd80a6b0c934ffb7725a8
  FBReactNativeSpec: 4651ecfeba87402f1ddb06782d6be89628c9a156
  Flipper: 10b225e352595f521be0e5badddd90e241336e89
  Flipper-DoubleConversion: 38631e41ef4f9b12861c67d17cb5518d06badc41
  Flipper-Folly: c12092ea368353b58e992843a990a3225d4533c3
  Flipper-Glog: 1dfd6abf1e922806c52ceb8701a3599a79a200a6
  Flipper-PeerTalk: 116d8f857dc6ef55c7a5a75ea3ceaafe878aadc9
  Flipper-RSocket: 64e7431a55835eb953b0bf984ef3b90ae9fdddd7
  FlipperKit: 88b7f0d0cf907ddc2137b85eeb7f3d4d8d9395c8
  glog: d86cb3634e15ec6d8cd9a1c7c1b9d6fa295beb37
  hermes: e6c81c75290bb87d1d62d594c269fba09b84e216
  libevent: ee9265726a1fc599dea382964fa304378affaa5f
  OpenSSL-Universal: 8b48cc0d10c1b2923617dfe5c178aa9ed2689355
  RCT-Folly: 71ece0166f9c96c1ec9279eeb0317baf533c020f
  RCTRequired: 918911330763c153719cc97d230fd9d68fef4293
  RCTTypeSafety: 5c2458c8b7986d139316674c3d8574213fa8b03f
  React: 14b21d89802f6deb3c58438b820a259f0ad19663
  React-ART: b011af588c64073177c77ebaaba8bed4540da3d7
  React-Core: b77665beecb3d2a4106f49e5689f40d1a9cdf48a
  React-CoreModules: 65926e4c1f9db334435f7d8b2bc5b9c05393bfd2
  React-cxxreact: e96cd68b9b1113c1738aa43c667f9b958b946aae
  React-jsi: 9d639b6e1b7358ebf5e5794a27599b20a1bd5848
  React-jsiexecutor: 9647f8a2e7a239ddbe28b358b33bcfff383c8898
  React-jsinspector: e33ea205855278ad8a4bdef517749ac97e9acfbc
  React-RCTActionSheet: 5f8275f010e786a9e55fba6a28bf4210c9ade83c
  React-RCTAnimation: 2bf688fb4c2c8c719098902783e31dbd8a023ed5
  React-RCTBlob: 5b88201c29e1dc93c5605c7f6056feae2ea25be7
  React-RCTImage: c032e6bb560d7107521ca7117a64ed3371a66aa1
  React-RCTLinking: fb9ba55af2995d8024c38a113a0f93fe4d29ed1a
  React-RCTNetwork: 4000f11a6806f1863bfa7600d77ad623c55d7d9d
  React-RCTPushNotification: 8461343c6c53d8614074ac2340780f5305b80fd8
  React-RCTSettings: 07c25b9a0e21ca6003639421c1502dc527a9f8f6
  React-RCTTest: 912ac34abccf794c640303ee8f27745b2d89277b
  React-RCTText: 7785349fd7bd8486f314ae55869aedb0d0ecf43b
  React-RCTVibration: 389fe18e19c8baff80d7243580398d37f50c18c4
  ReactCommon: c8428c9a8fdd14228f9f190883832aaeeba7911e
  Yoga: fa1f25acd1b133b22869a154cacb2e690b166e2f
  YogaKit: f782866e155069a2cca2517aafea43200b01fd5a

PODFILE CHECKSUM: 8a50297c26ad9d948d1614b33e20d755094cb377

COCOAPODS: 1.10.0
